// !$*UTF8*$!
{
	archiveVersion = 1;
	classes = {
	};
	objectVersion = 46;
	objects = {

/* Begin PBXBuildFile section */
		4CA0575CFAC3FFF1495048F9 /* Pods_RSSReaderTests.framework in Frameworks */ = {isa = PBXBuildFile; fileRef = 3B0FCBF3AF7D0C482C8B46E5 /* Pods_RSSReaderTests.framework */; };
		8BB79981203A57C600378C44 /* logo.png in Resources */ = {isa = PBXBuildFile; fileRef = 8BB79980203A57C500378C44 /* logo.png */; };
		8BB79984203A58A400378C44 /* FeedCell.swift in Sources */ = {isa = PBXBuildFile; fileRef = 8BB79982203A58A400378C44 /* FeedCell.swift */; };
		8BB79985203A58A400378C44 /* FeedCell.xib in Resources */ = {isa = PBXBuildFile; fileRef = 8BB79983203A58A400378C44 /* FeedCell.xib */; };
		8BB79987203A5EDC00378C44 /* Launch Screen.storyboard in Resources */ = {isa = PBXBuildFile; fileRef = 8BB79986203A5EDC00378C44 /* Launch Screen.storyboard */; };
		AAC02B19193DEEFE003997F3 /* AppDelegate.swift in Sources */ = {isa = PBXBuildFile; fileRef = AAC02B18193DEEFE003997F3 /* AppDelegate.swift */; };
		AAC02B1B193DEEFE003997F3 /* ViewController.swift in Sources */ = {isa = PBXBuildFile; fileRef = AAC02B1A193DEEFE003997F3 /* ViewController.swift */; };
		AAC02B1E193DEEFE003997F3 /* Main.storyboard in Resources */ = {isa = PBXBuildFile; fileRef = AAC02B1C193DEEFE003997F3 /* Main.storyboard */; };
		AAC02B20193DEEFE003997F3 /* Images.xcassets in Resources */ = {isa = PBXBuildFile; fileRef = AAC02B1F193DEEFE003997F3 /* Images.xcassets */; };
		AAC02B2C193DEEFE003997F3 /* RSSReaderTests.swift in Sources */ = {isa = PBXBuildFile; fileRef = AAC02B2B193DEEFE003997F3 /* RSSReaderTests.swift */; };
		AAC02B3A193DF344003997F3 /* Podfile in Resources */ = {isa = PBXBuildFile; fileRef = AAC02B39193DF344003997F3 /* Podfile */; };
		DA068B99B8447C240E696E9E /* Pods_RSSReader.framework in Frameworks */ = {isa = PBXBuildFile; fileRef = 2C1AA53046DA50D840398BCD /* Pods_RSSReader.framework */; };
/* End PBXBuildFile section */

/* Begin PBXContainerItemProxy section */
		AAC02B26193DEEFE003997F3 /* PBXContainerItemProxy */ = {
			isa = PBXContainerItemProxy;
			containerPortal = AAC02B0B193DEEFE003997F3 /* Project object */;
			proxyType = 1;
			remoteGlobalIDString = AAC02B12193DEEFE003997F3;
			remoteInfo = RSSReader;
		};
/* End PBXContainerItemProxy section */

/* Begin PBXFileReference section */
		13309F42819CB74E67D6A028 /* Pods-RSSReaderTests.release.xcconfig */ = {isa = PBXFileReference; includeInIndex = 1; lastKnownFileType = text.xcconfig; name = "Pods-RSSReaderTests.release.xcconfig"; path = "Pods/Target Support Files/Pods-RSSReaderTests/Pods-RSSReaderTests.release.xcconfig"; sourceTree = "<group>"; };
		2C1AA53046DA50D840398BCD /* Pods_RSSReader.framework */ = {isa = PBXFileReference; explicitFileType = wrapper.framework; includeInIndex = 0; path = Pods_RSSReader.framework; sourceTree = BUILT_PRODUCTS_DIR; };
		3A137C52CB1642A6B75A6C93 /* Pods-RSSReaderTests.debug.xcconfig */ = {isa = PBXFileReference; includeInIndex = 1; lastKnownFileType = text.xcconfig; name = "Pods-RSSReaderTests.debug.xcconfig"; path = "Pods/Target Support Files/Pods-RSSReaderTests/Pods-RSSReaderTests.debug.xcconfig"; sourceTree = "<group>"; };
		3B0FCBF3AF7D0C482C8B46E5 /* Pods_RSSReaderTests.framework */ = {isa = PBXFileReference; explicitFileType = wrapper.framework; includeInIndex = 0; path = Pods_RSSReaderTests.framework; sourceTree = BUILT_PRODUCTS_DIR; };
		640183C4A1209A427FB96824 /* Pods-RSSReader.release.xcconfig */ = {isa = PBXFileReference; includeInIndex = 1; lastKnownFileType = text.xcconfig; name = "Pods-RSSReader.release.xcconfig"; path = "Pods/Target Support Files/Pods-RSSReader/Pods-RSSReader.release.xcconfig"; sourceTree = "<group>"; };
		697F38DD3077968DF6C7E5A5 /* Pods-RSSReader.debug.xcconfig */ = {isa = PBXFileReference; includeInIndex = 1; lastKnownFileType = text.xcconfig; name = "Pods-RSSReader.debug.xcconfig"; path = "Pods/Target Support Files/Pods-RSSReader/Pods-RSSReader.debug.xcconfig"; sourceTree = "<group>"; };
		8BB79980203A57C500378C44 /* logo.png */ = {isa = PBXFileReference; lastKnownFileType = image.png; path = logo.png; sourceTree = "<group>"; };
		8BB79982203A58A400378C44 /* FeedCell.swift */ = {isa = PBXFileReference; lastKnownFileType = sourcecode.swift; path = FeedCell.swift; sourceTree = "<group>"; };
		8BB79983203A58A400378C44 /* FeedCell.xib */ = {isa = PBXFileReference; lastKnownFileType = file.xib; path = FeedCell.xib; sourceTree = "<group>"; };
		8BB79986203A5EDC00378C44 /* Launch Screen.storyboard */ = {isa = PBXFileReference; lastKnownFileType = file.storyboard; path = "Launch Screen.storyboard"; sourceTree = "<group>"; };
		AAC02B13193DEEFE003997F3 /* RSSReader.app */ = {isa = PBXFileReference; explicitFileType = wrapper.application; includeInIndex = 0; path = RSSReader.app; sourceTree = BUILT_PRODUCTS_DIR; };
		AAC02B17193DEEFE003997F3 /* Info.plist */ = {isa = PBXFileReference; lastKnownFileType = text.plist.xml; path = Info.plist; sourceTree = "<group>"; };
		AAC02B18193DEEFE003997F3 /* AppDelegate.swift */ = {isa = PBXFileReference; lastKnownFileType = sourcecode.swift; path = AppDelegate.swift; sourceTree = "<group>"; };
		AAC02B1A193DEEFE003997F3 /* ViewController.swift */ = {isa = PBXFileReference; lastKnownFileType = sourcecode.swift; path = ViewController.swift; sourceTree = "<group>"; };
		AAC02B1D193DEEFE003997F3 /* Base */ = {isa = PBXFileReference; lastKnownFileType = file.storyboard; name = Base; path = Base.lproj/Main.storyboard; sourceTree = "<group>"; };
		AAC02B1F193DEEFE003997F3 /* Images.xcassets */ = {isa = PBXFileReference; lastKnownFileType = folder.assetcatalog; path = Images.xcassets; sourceTree = "<group>"; };
		AAC02B25193DEEFE003997F3 /* RSSReaderTests.xctest */ = {isa = PBXFileReference; explicitFileType = wrapper.cfbundle; includeInIndex = 0; path = RSSReaderTests.xctest; sourceTree = BUILT_PRODUCTS_DIR; };
		AAC02B2A193DEEFE003997F3 /* Info.plist */ = {isa = PBXFileReference; lastKnownFileType = text.plist.xml; path = Info.plist; sourceTree = "<group>"; };
		AAC02B2B193DEEFE003997F3 /* RSSReaderTests.swift */ = {isa = PBXFileReference; lastKnownFileType = sourcecode.swift; path = RSSReaderTests.swift; sourceTree = "<group>"; };
		AAC02B35193DF2B8003997F3 /* RSSReader-Bridging-Header.h */ = {isa = PBXFileReference; lastKnownFileType = sourcecode.c.h; path = "RSSReader-Bridging-Header.h"; sourceTree = "<group>"; };
		AAC02B39193DF344003997F3 /* Podfile */ = {isa = PBXFileReference; fileEncoding = 4; lastKnownFileType = text; path = Podfile; sourceTree = "<group>"; xcLanguageSpecificationIdentifier = xcode.lang.ruby; };
/* End PBXFileReference section */

/* Begin PBXFrameworksBuildPhase section */
		AAC02B10193DEEFE003997F3 /* Frameworks */ = {
			isa = PBXFrameworksBuildPhase;
			buildActionMask = 2147483647;
			files = (
				DA068B99B8447C240E696E9E /* Pods_RSSReader.framework in Frameworks */,
			);
			runOnlyForDeploymentPostprocessing = 0;
		};
		AAC02B22193DEEFE003997F3 /* Frameworks */ = {
			isa = PBXFrameworksBuildPhase;
			buildActionMask = 2147483647;
			files = (
				4CA0575CFAC3FFF1495048F9 /* Pods_RSSReaderTests.framework in Frameworks */,
			);
			runOnlyForDeploymentPostprocessing = 0;
		};
/* End PBXFrameworksBuildPhase section */

/* Begin PBXGroup section */
		72DF2961FEFF079C61BD3EDC /* Pods */ = {
			isa = PBXGroup;
			children = (
				697F38DD3077968DF6C7E5A5 /* Pods-RSSReader.debug.xcconfig */,
				640183C4A1209A427FB96824 /* Pods-RSSReader.release.xcconfig */,
				3A137C52CB1642A6B75A6C93 /* Pods-RSSReaderTests.debug.xcconfig */,
				13309F42819CB74E67D6A028 /* Pods-RSSReaderTests.release.xcconfig */,
			);
			name = Pods;
			sourceTree = "<group>";
		};
		A51F0087B05B822CE6215D98 /* Frameworks */ = {
			isa = PBXGroup;
			children = (
				2C1AA53046DA50D840398BCD /* Pods_RSSReader.framework */,
				3B0FCBF3AF7D0C482C8B46E5 /* Pods_RSSReaderTests.framework */,
			);
			name = Frameworks;
			sourceTree = "<group>";
		};
		AAC02B0A193DEEFE003997F3 = {
			isa = PBXGroup;
			children = (
				AAC02B39193DF344003997F3 /* Podfile */,
				AAC02B15193DEEFE003997F3 /* RSSReader */,
				AAC02B28193DEEFE003997F3 /* RSSReaderTests */,
				AAC02B14193DEEFE003997F3 /* Products */,
				72DF2961FEFF079C61BD3EDC /* Pods */,
				A51F0087B05B822CE6215D98 /* Frameworks */,
			);
			sourceTree = "<group>";
		};
		AAC02B14193DEEFE003997F3 /* Products */ = {
			isa = PBXGroup;
			children = (
				AAC02B13193DEEFE003997F3 /* RSSReader.app */,
				AAC02B25193DEEFE003997F3 /* RSSReaderTests.xctest */,
			);
			name = Products;
			sourceTree = "<group>";
		};
		AAC02B15193DEEFE003997F3 /* RSSReader */ = {
			isa = PBXGroup;
			children = (
				8BB79980203A57C500378C44 /* logo.png */,
				AAC02B18193DEEFE003997F3 /* AppDelegate.swift */,
				AAC02B1A193DEEFE003997F3 /* ViewController.swift */,
				8BB79982203A58A400378C44 /* FeedCell.swift */,
				8BB79983203A58A400378C44 /* FeedCell.xib */,
				AAC02B1C193DEEFE003997F3 /* Main.storyboard */,
				AAC02B1F193DEEFE003997F3 /* Images.xcassets */,
				AAC02B16193DEEFE003997F3 /* Supporting Files */,
				AAC02B35193DF2B8003997F3 /* RSSReader-Bridging-Header.h */,
				8BB79986203A5EDC00378C44 /* Launch Screen.storyboard */,
			);
			path = RSSReader;
			sourceTree = "<group>";
		};
		AAC02B16193DEEFE003997F3 /* Supporting Files */ = {
			isa = PBXGroup;
			children = (
				AAC02B17193DEEFE003997F3 /* Info.plist */,
			);
			name = "Supporting Files";
			sourceTree = "<group>";
		};
		AAC02B28193DEEFE003997F3 /* RSSReaderTests */ = {
			isa = PBXGroup;
			children = (
				AAC02B2B193DEEFE003997F3 /* RSSReaderTests.swift */,
				AAC02B29193DEEFE003997F3 /* Supporting Files */,
			);
			path = RSSReaderTests;
			sourceTree = "<group>";
		};
		AAC02B29193DEEFE003997F3 /* Supporting Files */ = {
			isa = PBXGroup;
			children = (
				AAC02B2A193DEEFE003997F3 /* Info.plist */,
			);
			name = "Supporting Files";
			sourceTree = "<group>";
		};
/* End PBXGroup section */

/* Begin PBXNativeTarget section */
		AAC02B12193DEEFE003997F3 /* RSSReader */ = {
			isa = PBXNativeTarget;
			buildConfigurationList = AAC02B2F193DEEFE003997F3 /* Build configuration list for PBXNativeTarget "RSSReader" */;
			buildPhases = (
				88AE26BB9ED97C98A88A8AA3 /* [CP] Check Pods Manifest.lock */,
				AAC02B0F193DEEFE003997F3 /* Sources */,
				AAC02B10193DEEFE003997F3 /* Frameworks */,
				AAC02B11193DEEFE003997F3 /* Resources */,
				957AD5FA4DC47A6A9CD3C3CC /* [CP] Embed Pods Frameworks */,
				3B23A8640929A21132E4B551 /* [CP] Copy Pods Resources */,
			);
			buildRules = (
			);
			dependencies = (
			);
			name = RSSReader;
			productName = RSSReader;
			productReference = AAC02B13193DEEFE003997F3 /* RSSReader.app */;
			productType = "com.apple.product-type.application";
		};
		AAC02B24193DEEFE003997F3 /* RSSReaderTests */ = {
			isa = PBXNativeTarget;
			buildConfigurationList = AAC02B32193DEEFE003997F3 /* Build configuration list for PBXNativeTarget "RSSReaderTests" */;
			buildPhases = (
				CE8CDEA47A7CF86E752F8E16 /* [CP] Check Pods Manifest.lock */,
				AAC02B21193DEEFE003997F3 /* Sources */,
				AAC02B22193DEEFE003997F3 /* Frameworks */,
				AAC02B23193DEEFE003997F3 /* Resources */,
				BA5DB03B43D27966C0BD4D68 /* [CP] Embed Pods Frameworks */,
				79A791BEC6A248D8D80F352C /* [CP] Copy Pods Resources */,
			);
			buildRules = (
			);
			dependencies = (
				AAC02B27193DEEFE003997F3 /* PBXTargetDependency */,
			);
			name = RSSReaderTests;
			productName = RSSReaderTests;
			productReference = AAC02B25193DEEFE003997F3 /* RSSReaderTests.xctest */;
			productType = "com.apple.product-type.bundle.unit-test";
		};
/* End PBXNativeTarget section */

/* Begin PBXProject section */
		AAC02B0B193DEEFE003997F3 /* Project object */ = {
			isa = PBXProject;
			attributes = {
				LastUpgradeCheck = 0600;
				ORGANIZATIONNAME = susieyy;
				TargetAttributes = {
					AAC02B12193DEEFE003997F3 = {
						CreatedOnToolsVersion = 6.0;
						DevelopmentTeam = 54JDK55DR5;
					};
					AAC02B24193DEEFE003997F3 = {
						CreatedOnToolsVersion = 6.0;
						TestTargetID = AAC02B12193DEEFE003997F3;
					};
				};
			};
			buildConfigurationList = AAC02B0E193DEEFE003997F3 /* Build configuration list for PBXProject "RSSReader" */;
			compatibilityVersion = "Xcode 3.2";
			developmentRegion = English;
			hasScannedForEncodings = 0;
			knownRegions = (
				en,
				Base,
			);
			mainGroup = AAC02B0A193DEEFE003997F3;
			productRefGroup = AAC02B14193DEEFE003997F3 /* Products */;
			projectDirPath = "";
			projectRoot = "";
			targets = (
				AAC02B12193DEEFE003997F3 /* RSSReader */,
				AAC02B24193DEEFE003997F3 /* RSSReaderTests */,
			);
		};
/* End PBXProject section */

/* Begin PBXResourcesBuildPhase section */
		AAC02B11193DEEFE003997F3 /* Resources */ = {
			isa = PBXResourcesBuildPhase;
			buildActionMask = 2147483647;
			files = (
				8BB79987203A5EDC00378C44 /* Launch Screen.storyboard in Resources */,
				8BB79981203A57C600378C44 /* logo.png in Resources */,
				AAC02B3A193DF344003997F3 /* Podfile in Resources */,
				AAC02B1E193DEEFE003997F3 /* Main.storyboard in Resources */,
				AAC02B20193DEEFE003997F3 /* Images.xcassets in Resources */,
				8BB79985203A58A400378C44 /* FeedCell.xib in Resources */,
			);
			runOnlyForDeploymentPostprocessing = 0;
		};
		AAC02B23193DEEFE003997F3 /* Resources */ = {
			isa = PBXResourcesBuildPhase;
			buildActionMask = 2147483647;
			files = (
			);
			runOnlyForDeploymentPostprocessing = 0;
		};
/* End PBXResourcesBuildPhase section */

/* Begin PBXShellScriptBuildPhase section */
		3B23A8640929A21132E4B551 /* [CP] Copy Pods Resources */ = {
			isa = PBXShellScriptBuildPhase;
			buildActionMask = 2147483647;
			files = (
			);
			inputPaths = (
			);
			name = "[CP] Copy Pods Resources";
			outputPaths = (
			);
			runOnlyForDeploymentPostprocessing = 0;
			shellPath = /bin/sh;
			shellScript = "\"${SRCROOT}/Pods/Target Support Files/Pods-RSSReader/Pods-RSSReader-resources.sh\"\n";
			showEnvVarsInLog = 0;
		};
		79A791BEC6A248D8D80F352C /* [CP] Copy Pods Resources */ = {
			isa = PBXShellScriptBuildPhase;
			buildActionMask = 2147483647;
			files = (
			);
			inputPaths = (
			);
			name = "[CP] Copy Pods Resources";
			outputPaths = (
			);
			runOnlyForDeploymentPostprocessing = 0;
			shellPath = /bin/sh;
			shellScript = "\"${SRCROOT}/Pods/Target Support Files/Pods-RSSReaderTests/Pods-RSSReaderTests-resources.sh\"\n";
			showEnvVarsInLog = 0;
		};
		88AE26BB9ED97C98A88A8AA3 /* [CP] Check Pods Manifest.lock */ = {
			isa = PBXShellScriptBuildPhase;
			buildActionMask = 2147483647;
			files = (
			);
			inputPaths = (
				"${PODS_PODFILE_DIR_PATH}/Podfile.lock",
				"${PODS_ROOT}/Manifest.lock",
			);
			name = "[CP] Check Pods Manifest.lock";
			outputPaths = (
				"$(DERIVED_FILE_DIR)/Pods-RSSReader-checkManifestLockResult.txt",
			);
			runOnlyForDeploymentPostprocessing = 0;
			shellPath = /bin/sh;
			shellScript = "diff \"${PODS_PODFILE_DIR_PATH}/Podfile.lock\" \"${PODS_ROOT}/Manifest.lock\" > /dev/null\nif [ $? != 0 ] ; then\n    # print error to STDERR\n    echo \"error: The sandbox is not in sync with the Podfile.lock. Run 'pod install' or update your CocoaPods installation.\" >&2\n    exit 1\nfi\n# This output is used by Xcode 'outputs' to avoid re-running this script phase.\necho \"SUCCESS\" > \"${SCRIPT_OUTPUT_FILE_0}\"\n";
			showEnvVarsInLog = 0;
		};
		957AD5FA4DC47A6A9CD3C3CC /* [CP] Embed Pods Frameworks */ = {
			isa = PBXShellScriptBuildPhase;
			buildActionMask = 2147483647;
			files = (
			);
			inputPaths = (
				"${SRCROOT}/Pods/Target Support Files/Pods-RSSReader/Pods-RSSReader-frameworks.sh",
				"${BUILT_PRODUCTS_DIR}/AFNetworking/AFNetworking.framework",
				"${BUILT_PRODUCTS_DIR}/KINWebBrowser/KINWebBrowser.framework",
				"${BUILT_PRODUCTS_DIR}/MWFeedParser/MWFeedParser.framework",
				"${BUILT_PRODUCTS_DIR}/SVProgressHUD/SVProgressHUD.framework",
			);
			name = "[CP] Embed Pods Frameworks";
			outputPaths = (
				"${TARGET_BUILD_DIR}/${FRAMEWORKS_FOLDER_PATH}/AFNetworking.framework",
				"${TARGET_BUILD_DIR}/${FRAMEWORKS_FOLDER_PATH}/KINWebBrowser.framework",
				"${TARGET_BUILD_DIR}/${FRAMEWORKS_FOLDER_PATH}/MWFeedParser.framework",
				"${TARGET_BUILD_DIR}/${FRAMEWORKS_FOLDER_PATH}/SVProgressHUD.framework",
			);
			runOnlyForDeploymentPostprocessing = 0;
			shellPath = /bin/sh;
			shellScript = "\"${SRCROOT}/Pods/Target Support Files/Pods-RSSReader/Pods-RSSReader-frameworks.sh\"\n";
			showEnvVarsInLog = 0;
		};
		BA5DB03B43D27966C0BD4D68 /* [CP] Embed Pods Frameworks */ = {
			isa = PBXShellScriptBuildPhase;
			buildActionMask = 2147483647;
			files = (
			);
			inputPaths = (
			);
			name = "[CP] Embed Pods Frameworks";
			outputPaths = (
			);
			runOnlyForDeploymentPostprocessing = 0;
			shellPath = /bin/sh;
			shellScript = "\"${SRCROOT}/Pods/Target Support Files/Pods-RSSReaderTests/Pods-RSSReaderTests-frameworks.sh\"\n";
			showEnvVarsInLog = 0;
		};
		CE8CDEA47A7CF86E752F8E16 /* [CP] Check Pods Manifest.lock */ = {
			isa = PBXShellScriptBuildPhase;
			buildActionMask = 2147483647;
			files = (
			);
			inputPaths = (
				"${PODS_PODFILE_DIR_PATH}/Podfile.lock",
				"${PODS_ROOT}/Manifest.lock",
			);
			name = "[CP] Check Pods Manifest.lock";
			outputPaths = (
				"$(DERIVED_FILE_DIR)/Pods-RSSReaderTests-checkManifestLockResult.txt",
			);
			runOnlyForDeploymentPostprocessing = 0;
			shellPath = /bin/sh;
			shellScript = "diff \"${PODS_PODFILE_DIR_PATH}/Podfile.lock\" \"${PODS_ROOT}/Manifest.lock\" > /dev/null\nif [ $? != 0 ] ; then\n    # print error to STDERR\n    echo \"error: The sandbox is not in sync with the Podfile.lock. Run 'pod install' or update your CocoaPods installation.\" >&2\n    exit 1\nfi\n# This output is used by Xcode 'outputs' to avoid re-running this script phase.\necho \"SUCCESS\" > \"${SCRIPT_OUTPUT_FILE_0}\"\n";
			showEnvVarsInLog = 0;
		};
/* End PBXShellScriptBuildPhase section */

/* Begin PBXSourcesBuildPhase section */
		AAC02B0F193DEEFE003997F3 /* Sources */ = {
			isa = PBXSourcesBuildPhase;
			buildActionMask = 2147483647;
			files = (
				AAC02B1B193DEEFE003997F3 /* ViewController.swift in Sources */,
				AAC02B19193DEEFE003997F3 /* AppDelegate.swift in Sources */,
				8BB79984203A58A400378C44 /* FeedCell.swift in Sources */,
			);
			runOnlyForDeploymentPostprocessing = 0;
		};
		AAC02B21193DEEFE003997F3 /* Sources */ = {
			isa = PBXSourcesBuildPhase;
			buildActionMask = 2147483647;
			files = (
				AAC02B2C193DEEFE003997F3 /* RSSReaderTests.swift in Sources */,
			);
			runOnlyForDeploymentPostprocessing = 0;
		};
/* End PBXSourcesBuildPhase section */

/* Begin PBXTargetDependency section */
		AAC02B27193DEEFE003997F3 /* PBXTargetDependency */ = {
			isa = PBXTargetDependency;
			target = AAC02B12193DEEFE003997F3 /* RSSReader */;
			targetProxy = AAC02B26193DEEFE003997F3 /* PBXContainerItemProxy */;
		};
/* End PBXTargetDependency section */

/* Begin PBXVariantGroup section */
		AAC02B1C193DEEFE003997F3 /* Main.storyboard */ = {
			isa = PBXVariantGroup;
			children = (
				AAC02B1D193DEEFE003997F3 /* Base */,
			);
			name = Main.storyboard;
			sourceTree = "<group>";
		};
/* End PBXVariantGroup section */

/* Begin XCBuildConfiguration section */
		AAC02B2D193DEEFE003997F3 /* Debug */ = {
			isa = XCBuildConfiguration;
			buildSettings = {
				ALWAYS_SEARCH_USER_PATHS = NO;
				CLANG_CXX_LANGUAGE_STANDARD = "gnu++0x";
				CLANG_CXX_LIBRARY = "libc++";
				CLANG_ENABLE_MODULES = YES;
				CLANG_ENABLE_OBJC_ARC = YES;
				CLANG_WARN_BOOL_CONVERSION = YES;
				CLANG_WARN_CONSTANT_CONVERSION = YES;
				CLANG_WARN_DIRECT_OBJC_ISA_USAGE = YES_ERROR;
				CLANG_WARN_EMPTY_BODY = YES;
				CLANG_WARN_ENUM_CONVERSION = YES;
				CLANG_WARN_INT_CONVERSION = YES;
				CLANG_WARN_OBJC_ROOT_CLASS = YES_ERROR;
				CLANG_WARN_UNREACHABLE_CODE = YES;
				CLANG_WARN__DUPLICATE_METHOD_MATCH = YES;
				CODE_SIGN_IDENTITY = "iPhone Developer";
				"CODE_SIGN_IDENTITY[sdk=iphoneos*]" = "iPhone Developer";
				COPY_PHASE_STRIP = NO;
				ENABLE_STRICT_OBJC_MSGSEND = YES;
				GCC_C_LANGUAGE_STANDARD = gnu99;
				GCC_DYNAMIC_NO_PIC = NO;
				GCC_OPTIMIZATION_LEVEL = 0;
				GCC_PREPROCESSOR_DEFINITIONS = (
					"DEBUG=1",
					"$(inherited)",
				);
				GCC_SYMBOLS_PRIVATE_EXTERN = NO;
				GCC_WARN_64_TO_32_BIT_CONVERSION = YES;
				GCC_WARN_ABOUT_RETURN_TYPE = YES_ERROR;
				GCC_WARN_UNDECLARED_SELECTOR = YES;
				GCC_WARN_UNINITIALIZED_AUTOS = YES_AGGRESSIVE;
				GCC_WARN_UNUSED_FUNCTION = YES;
				GCC_WARN_UNUSED_VARIABLE = YES;
				IPHONEOS_DEPLOYMENT_TARGET = 7.1;
				METAL_ENABLE_DEBUG_INFO = YES;
				ONLY_ACTIVE_ARCH = YES;
				SDKROOT = iphoneos;
				SWIFT_OPTIMIZATION_LEVEL = "-Onone";
			};
			name = Debug;
		};
		AAC02B2E193DEEFE003997F3 /* Release */ = {
			isa = XCBuildConfiguration;
			buildSettings = {
				ALWAYS_SEARCH_USER_PATHS = NO;
				CLANG_CXX_LANGUAGE_STANDARD = "gnu++0x";
				CLANG_CXX_LIBRARY = "libc++";
				CLANG_ENABLE_MODULES = YES;
				CLANG_ENABLE_OBJC_ARC = YES;
				CLANG_WARN_BOOL_CONVERSION = YES;
				CLANG_WARN_CONSTANT_CONVERSION = YES;
				CLANG_WARN_DIRECT_OBJC_ISA_USAGE = YES_ERROR;
				CLANG_WARN_EMPTY_BODY = YES;
				CLANG_WARN_ENUM_CONVERSION = YES;
				CLANG_WARN_INT_CONVERSION = YES;
				CLANG_WARN_OBJC_ROOT_CLASS = YES_ERROR;
				CLANG_WARN_UNREACHABLE_CODE = YES;
				CLANG_WARN__DUPLICATE_METHOD_MATCH = YES;
				CODE_SIGN_IDENTITY = "iPhone Developer";
				"CODE_SIGN_IDENTITY[sdk=iphoneos*]" = "iPhone Developer";
				COPY_PHASE_STRIP = YES;
				ENABLE_NS_ASSERTIONS = NO;
				ENABLE_STRICT_OBJC_MSGSEND = YES;
				GCC_C_LANGUAGE_STANDARD = gnu99;
				GCC_WARN_64_TO_32_BIT_CONVERSION = YES;
				GCC_WARN_ABOUT_RETURN_TYPE = YES_ERROR;
				GCC_WARN_UNDECLARED_SELECTOR = YES;
				GCC_WARN_UNINITIALIZED_AUTOS = YES_AGGRESSIVE;
				GCC_WARN_UNUSED_FUNCTION = YES;
				GCC_WARN_UNUSED_VARIABLE = YES;
				IPHONEOS_DEPLOYMENT_TARGET = 7.1;
				METAL_ENABLE_DEBUG_INFO = NO;
				SDKROOT = iphoneos;
				VALIDATE_PRODUCT = YES;
			};
			name = Release;
		};
		AAC02B30193DEEFE003997F3 /* Debug */ = {
			isa = XCBuildConfiguration;
			baseConfigurationReference = 697F38DD3077968DF6C7E5A5 /* Pods-RSSReader.debug.xcconfig */;
			buildSettings = {
				ASSETCATALOG_COMPILER_APPICON_NAME = AppIcon;
				CLANG_ENABLE_MODULES = YES;
				DEVELOPMENT_TEAM = 54JDK55DR5;
				INFOPLIST_FILE = RSSReader/Info.plist;
				IPHONEOS_DEPLOYMENT_TARGET = 9.3;
				LD_RUNPATH_SEARCH_PATHS = "$(inherited) @executable_path/Frameworks";
				PRODUCT_NAME = "$(TARGET_NAME)";
				SWIFT_OBJC_BRIDGING_HEADER = "RSSReader/RSSReader-Bridging-Header.h";
				SWIFT_OPTIMIZATION_LEVEL = "-Onone";
				SWIFT_VERSION = 4.0;
			};
			name = Debug;
		};
		AAC02B31193DEEFE003997F3 /* Release */ = {
			isa = XCBuildConfiguration;
			baseConfigurationReference = 640183C4A1209A427FB96824 /* Pods-RSSReader.release.xcconfig */;
			buildSettings = {
				ASSETCATALOG_COMPILER_APPICON_NAME = AppIcon;
				CLANG_ENABLE_MODULES = YES;
				DEVELOPMENT_TEAM = 54JDK55DR5;
				INFOPLIST_FILE = RSSReader/Info.plist;
				IPHONEOS_DEPLOYMENT_TARGET = 9.3;
				LD_RUNPATH_SEARCH_PATHS = "$(inherited) @executable_path/Frameworks";
				PRODUCT_NAME = "$(TARGET_NAME)";
				SWIFT_OBJC_BRIDGING_HEADER = "RSSReader/RSSReader-Bridging-Header.h";
				SWIFT_VERSION = 4.0;
			};
			name = Release;
		};
		AAC02B33193DEEFE003997F3 /* Debug */ = {
			isa = XCBuildConfiguration;
			baseConfigurationReference = 3A137C52CB1642A6B75A6C93 /* Pods-RSSReaderTests.debug.xcconfig */;
			buildSettings = {
				BUNDLE_LOADER = "$(BUILT_PRODUCTS_DIR)/RSSReader.app/RSSReader";
				FRAMEWORK_SEARCH_PATHS = (
					"$(SDKROOT)/Developer/Library/Frameworks",
					"$(inherited)",
				);
				GCC_PREPROCESSOR_DEFINITIONS = (
					"DEBUG=1",
					"$(inherited)",
				);
				INFOPLIST_FILE = RSSReaderTests/Info.plist;
				LD_RUNPATH_SEARCH_PATHS = "$(inherited) @executable_path/Frameworks @loader_path/Frameworks";
				METAL_ENABLE_DEBUG_INFO = YES;
				PRODUCT_NAME = "$(TARGET_NAME)";
				TEST_HOST = "$(BUNDLE_LOADER)";
			};
			name = Debug;
		};
		AAC02B34193DEEFE003997F3 /* Release */ = {
			isa = XCBuildConfiguration;
			baseConfigurationReference = 13309F42819CB74E67D6A028 /* Pods-RSSReaderTests.release.xcconfig */;
			buildSettings = {
				BUNDLE_LOADER = "$(BUILT_PRODUCTS_DIR)/RSSReader.app/RSSReader";
				FRAMEWORK_SEARCH_PATHS = (
					"$(SDKROOT)/Developer/Library/Frameworks",
					"$(inherited)",
				);
				INFOPLIST_FILE = RSSReaderTests/Info.plist;
				LD_RUNPATH_SEARCH_PATHS = "$(inherited) @executable_path/Frameworks @loader_path/Frameworks";
				METAL_ENABLE_DEBUG_INFO = NO;
				PRODUCT_NAME = "$(TARGET_NAME)";
				TEST_HOST = "$(BUNDLE_LOADER)";
			};
			name = Release;
		};
/* End XCBuildConfiguration section */

/* Begin XCConfigurationList section */
		AAC02B0E193DEEFE003997F3 /* Build configuration list for PBXProject "RSSReader" */ = {
			isa = XCConfigurationList;
			buildConfigurations = (
				AAC02B2D193DEEFE003997F3 /* Debug */,
				AAC02B2E193DEEFE003997F3 /* Release */,
			);
			defaultConfigurationIsVisible = 0;
			defaultConfigurationName = Release;
		};
		AAC02B2F193DEEFE003997F3 /* Build configuration list for PBXNativeTarget "RSSReader" */ = {
			isa = XCConfigurationList;
			buildConfigurations = (
				AAC02B30193DEEFE003997F3 /* Debug */,
				AAC02B31193DEEFE003997F3 /* Release */,
			);
			defaultConfigurationIsVisible = 0;
			defaultConfigurationName = Release;
		};
		AAC02B32193DEEFE003997F3 /* Build configuration list for PBXNativeTarget "RSSReaderTests" */ = {
			isa = XCConfigurationList;
			buildConfigurations = (
				AAC02B33193DEEFE003997F3 /* Debug */,
				AAC02B34193DEEFE003997F3 /* Release */,
			);
			defaultConfigurationIsVisible = 0;
			defaultConfigurationName = Release;
		};
/* End XCConfigurationList section */
	};
	rootObject = AAC02B0B193DEEFE003997F3 /* Project object */;
}
